
Microsoft Visual Studio Solution File, Format Version 10.00
# Visual Studio 2008
Project("{8BC9CEB8-8B4A-11D0-8D11-00A0C91BC942}") = "readText", "readText.vcproj", "{B01F5104-ED9D-48BD-AA8E-EBF4F9D9B879}"
EndProject
Global
	GlobalSection(SolutionConfigurationPlatforms) = preSolution
		Debug|Win32 = Debug|Win32
		Release|Win32 = Release|Win32
	EndGlobalSection
	GlobalSection(ProjectConfigurationPlatforms) = postSolution
		{B01F5104-ED9D-48BD-AA8E-EBF4F9D9B879}.Debug|Win32.ActiveCfg = Debug|Win32
		{B01F5104-ED9D-48BD-AA8E-EBF4F9D9B879}.Debug|Win32.Build.0 = Debug|Win32
		{B01F5104-ED9D-48BD-AA8E-EBF4F9D9B879}.Release|Win32.ActiveCfg = Release|Win32
		{B01F5104-ED9D-48BD-AA8E-EBF4F9D9B879}.Release|Win32.Build.0 = Release|Win32
	EndGlobalSection
	GlobalSection(SolutionProperties) = preSolution
		HideSolutionNode = FALSE
	EndGlobalSection
EndGlobal
